# This file is @generated by PDM.
# It is not intended for manual editing.

[metadata]
groups = ["default", "dev"]
strategy = ["cross_platform"]
lock_version = "4.4"
content_hash = "sha256:c31be7b51b701798ecfaa324822d06ab8a591972964a7488940d4ec0ee06d3f0"

[[package]]
name = "aiohttp"
version = "3.9.1"
requires_python = ">=3.8"
summary = "Async http client/server framework (asyncio)"
dependencies = [
    "aiosignal>=1.1.2",
    "attrs>=17.3.0",
    "frozenlist>=1.1.1",
    "multidict<7.0,>=4.5",
    "yarl<2.0,>=1.0",
]
files = [
    {file = "aiohttp-3.9.1-cp311-cp311-macosx_10_9_universal2.whl", hash = "sha256:df9cf74b9bc03d586fc53ba470828d7b77ce51b0582d1d0b5b2fb673c0baa32d"},
    {file = "aiohttp-3.9.1-cp311-cp311-macosx_10_9_x86_64.whl", hash = "sha256:ecca113f19d5e74048c001934045a2b9368d77b0b17691d905af18bd1c21275e"},
    {file = "aiohttp-3.9.1-cp311-cp311-macosx_11_0_arm64.whl", hash = "sha256:8cef8710fb849d97c533f259103f09bac167a008d7131d7b2b0e3a33269185c0"},
    {file = "aiohttp-3.9.1-cp311-cp311-manylinux_2_17_aarch64.manylinux2014_aarch64.whl", hash = "sha256:bea94403a21eb94c93386d559bce297381609153e418a3ffc7d6bf772f59cc35"},
    {file = "aiohttp-3.9.1-cp311-cp311-manylinux_2_17_ppc64le.manylinux2014_ppc64le.whl", hash = "sha256:91c742ca59045dce7ba76cab6e223e41d2c70d79e82c284a96411f8645e2afff"},
    {file = "aiohttp-3.9.1-cp311-cp311-manylinux_2_17_s390x.manylinux2014_s390x.whl", hash = "sha256:6c93b7c2e52061f0925c3382d5cb8980e40f91c989563d3d32ca280069fd6a87"},
    {file = "aiohttp-3.9.1-cp311-cp311-manylinux_2_17_x86_64.manylinux2014_x86_64.whl", hash = "sha256:ee2527134f95e106cc1653e9ac78846f3a2ec1004cf20ef4e02038035a74544d"},
    {file = "aiohttp-3.9.1-cp311-cp311-manylinux_2_5_i686.manylinux1_i686.manylinux_2_17_i686.manylinux2014_i686.whl", hash = "sha256:11ff168d752cb41e8492817e10fb4f85828f6a0142b9726a30c27c35a1835f01"},
    {file = "aiohttp-3.9.1-cp311-cp311-musllinux_1_1_aarch64.whl", hash = "sha256:b8c3a67eb87394386847d188996920f33b01b32155f0a94f36ca0e0c635bf3e3"},
    {file = "aiohttp-3.9.1-cp311-cp311-musllinux_1_1_i686.whl", hash = "sha256:c7b5d5d64e2a14e35a9240b33b89389e0035e6de8dbb7ffa50d10d8b65c57449"},
    {file = "aiohttp-3.9.1-cp311-cp311-musllinux_1_1_ppc64le.whl", hash = "sha256:69985d50a2b6f709412d944ffb2e97d0be154ea90600b7a921f95a87d6f108a2"},
    {file = "aiohttp-3.9.1-cp311-cp311-musllinux_1_1_s390x.whl", hash = "sha256:c9110c06eaaac7e1f5562caf481f18ccf8f6fdf4c3323feab28a93d34cc646bd"},
    {file = "aiohttp-3.9.1-cp311-cp311-musllinux_1_1_x86_64.whl", hash = "sha256:d737e69d193dac7296365a6dcb73bbbf53bb760ab25a3727716bbd42022e8d7a"},
    {file = "aiohttp-3.9.1-cp311-cp311-win32.whl", hash = "sha256:4ee8caa925aebc1e64e98432d78ea8de67b2272252b0a931d2ac3bd876ad5544"},
    {file = "aiohttp-3.9.1-cp311-cp311-win_amd64.whl", hash = "sha256:a34086c5cc285be878622e0a6ab897a986a6e8bf5b67ecb377015f06ed316587"},
    {file = "aiohttp-3.9.1-cp312-cp312-macosx_10_9_universal2.whl", hash = "sha256:f800164276eec54e0af5c99feb9494c295118fc10a11b997bbb1348ba1a52065"},
    {file = "aiohttp-3.9.1-cp312-cp312-macosx_10_9_x86_64.whl", hash = "sha256:500f1c59906cd142d452074f3811614be04819a38ae2b3239a48b82649c08821"},
    {file = "aiohttp-3.9.1-cp312-cp312-macosx_11_0_arm64.whl", hash = "sha256:0b0a6a36ed7e164c6df1e18ee47afbd1990ce47cb428739d6c99aaabfaf1b3af"},
    {file = "aiohttp-3.9.1-cp312-cp312-manylinux_2_17_aarch64.manylinux2014_aarch64.whl", hash = "sha256:69da0f3ed3496808e8cbc5123a866c41c12c15baaaead96d256477edf168eb57"},
    {file = "aiohttp-3.9.1-cp312-cp312-manylinux_2_17_ppc64le.manylinux2014_ppc64le.whl", hash = "sha256:176df045597e674fa950bf5ae536be85699e04cea68fa3a616cf75e413737eb5"},
    {file = "aiohttp-3.9.1-cp312-cp312-manylinux_2_17_s390x.manylinux2014_s390x.whl", hash = "sha256:b796b44111f0cab6bbf66214186e44734b5baab949cb5fb56154142a92989aeb"},
    {file = "aiohttp-3.9.1-cp312-cp312-manylinux_2_17_x86_64.manylinux2014_x86_64.whl", hash = "sha256:f27fdaadce22f2ef950fc10dcdf8048407c3b42b73779e48a4e76b3c35bca26c"},
    {file = "aiohttp-3.9.1-cp312-cp312-manylinux_2_5_i686.manylinux1_i686.manylinux_2_17_i686.manylinux2014_i686.whl", hash = "sha256:bcb6532b9814ea7c5a6a3299747c49de30e84472fa72821b07f5a9818bce0f66"},
    {file = "aiohttp-3.9.1-cp312-cp312-musllinux_1_1_aarch64.whl", hash = "sha256:54631fb69a6e44b2ba522f7c22a6fb2667a02fd97d636048478db2fd8c4e98fe"},
    {file = "aiohttp-3.9.1-cp312-cp312-musllinux_1_1_i686.whl", hash = "sha256:4b4c452d0190c5a820d3f5c0f3cd8a28ace48c54053e24da9d6041bf81113183"},
    {file = "aiohttp-3.9.1-cp312-cp312-musllinux_1_1_ppc64le.whl", hash = "sha256:cae4c0c2ca800c793cae07ef3d40794625471040a87e1ba392039639ad61ab5b"},
    {file = "aiohttp-3.9.1-cp312-cp312-musllinux_1_1_s390x.whl", hash = "sha256:565760d6812b8d78d416c3c7cfdf5362fbe0d0d25b82fed75d0d29e18d7fc30f"},
    {file = "aiohttp-3.9.1-cp312-cp312-musllinux_1_1_x86_64.whl", hash = "sha256:54311eb54f3a0c45efb9ed0d0a8f43d1bc6060d773f6973efd90037a51cd0a3f"},
    {file = "aiohttp-3.9.1-cp312-cp312-win32.whl", hash = "sha256:85c3e3c9cb1d480e0b9a64c658cd66b3cfb8e721636ab8b0e746e2d79a7a9eed"},
    {file = "aiohttp-3.9.1-cp312-cp312-win_amd64.whl", hash = "sha256:11cb254e397a82efb1805d12561e80124928e04e9c4483587ce7390b3866d213"},
    {file = "aiohttp-3.9.1.tar.gz", hash = "sha256:8fc49a87ac269d4529da45871e2ffb6874e87779c3d0e2ccd813c0899221239d"},
]

[[package]]
name = "aioitertools"
version = "0.11.0"
requires_python = ">=3.6"
summary = "itertools and builtins for AsyncIO and mixed iterables"
files = [
    {file = "aioitertools-0.11.0-py3-none-any.whl", hash = "sha256:04b95e3dab25b449def24d7df809411c10e62aab0cbe31a50ca4e68748c43394"},
    {file = "aioitertools-0.11.0.tar.gz", hash = "sha256:42c68b8dd3a69c2bf7f2233bf7df4bb58b557bca5252ac02ed5187bbc67d6831"},
]

[[package]]
name = "aiosignal"
version = "1.3.1"
requires_python = ">=3.7"
summary = "aiosignal: a list of registered asynchronous callbacks"
dependencies = [
    "frozenlist>=1.1.0",
]
files = [
    {file = "aiosignal-1.3.1-py3-none-any.whl", hash = "sha256:f8376fb07dd1e86a584e4fcdec80b36b7f81aac666ebc724e2c090300dd83b17"},
    {file = "aiosignal-1.3.1.tar.gz", hash = "sha256:54cd96e15e1649b75d6c87526a6ff0b6c1b0dd3459f43d9ca11d48c339b68cfc"},
]

[[package]]
name = "argcomplete"
version = "3.2.1"
requires_python = ">=3.8"
summary = "Bash tab completion for argparse"
files = [
    {file = "argcomplete-3.2.1-py3-none-any.whl", hash = "sha256:30891d87f3c1abe091f2142613c9d33cac84a5e15404489f033b20399b691fec"},
    {file = "argcomplete-3.2.1.tar.gz", hash = "sha256:437f67fb9b058da5a090df505ef9be0297c4883993f3f56cb186ff087778cfb4"},
]

[[package]]
name = "attrs"
version = "23.1.0"
requires_python = ">=3.7"
summary = "Classes Without Boilerplate"
files = [
    {file = "attrs-23.1.0-py3-none-any.whl", hash = "sha256:1f28b4522cdc2fb4256ac1a020c78acf9cba2c6b461ccd2c126f3aa8e8335d04"},
    {file = "attrs-23.1.0.tar.gz", hash = "sha256:6279836d581513a26f1bf235f9acd333bc9115683f14f7e8fae46c98fc50e015"},
]

[[package]]
name = "black"
version = "24.1a1"
requires_python = ">=3.8"
summary = "The uncompromising code formatter."
dependencies = [
    "aiohttp>=3.7.4; sys_platform != \"win32\" or implementation_name != \"pypy\" and extra == \"d\"",
    "click>=8.0.0",
    "mypy-extensions>=0.4.3",
    "packaging>=22.0",
    "pathspec>=0.9.0",
    "platformdirs>=2",
]
files = [
    {file = "black-24.1a1-cp311-cp311-macosx_10_9_x86_64.whl", hash = "sha256:6b594b3ede60182215d258c76de2de64712d2e8424442ff4402276e22684abbe"},
    {file = "black-24.1a1-cp311-cp311-macosx_11_0_arm64.whl", hash = "sha256:915a6b6b916fc66edec886fc71b60284e447d8fa39d22b879af7ae6efccca90f"},
    {file = "black-24.1a1-cp311-cp311-manylinux_2_17_x86_64.manylinux2014_x86_64.whl", hash = "sha256:cb0a7ea9aa1c108924e31f1204a1e2534af255dbaa24ecbb8c05f47341a7b6f1"},
    {file = "black-24.1a1-cp311-cp311-win_amd64.whl", hash = "sha256:41c0ce5cbdb701900c166bcca08ac941b64cf1d6967509e3caeab126da0ae0d0"},
    {file = "black-24.1a1-cp312-cp312-macosx_10_9_x86_64.whl", hash = "sha256:87c8165fad00b03d9c1d400b1dd250479792f49d012807ee45162d323d04fc06"},
    {file = "black-24.1a1-cp312-cp312-macosx_11_0_arm64.whl", hash = "sha256:6e3c74b35ea179bb69440286b81c309a64c34a032746a9eef3399dc3ce671352"},
    {file = "black-24.1a1-cp312-cp312-manylinux_2_17_x86_64.manylinux2014_x86_64.whl", hash = "sha256:d30a018fc03fd1e83c75d40b8a156ef541d0b56b6403b63754e1cc96889849d9"},
    {file = "black-24.1a1-cp312-cp312-win_amd64.whl", hash = "sha256:88d1c60bac2044a409154e895abb9d74c8ff5d034fb70f3e1f7c3ae96206bc0c"},
    {file = "black-24.1a1-py3-none-any.whl", hash = "sha256:a2c977909557439d0f17dc82adaea84e48374950d53416efc0b8451a594d42c3"},
    {file = "black-24.1a1.tar.gz", hash = "sha256:4a159ae57f239f3f1ef6a78784b00c1c617c7bb188cc351b3017b9e0702df11c"},
]

[[package]]
name = "boltons"
version = "23.1.1"
summary = "When they're not builtins, they're boltons."
files = [
    {file = "boltons-23.1.1-py2.py3-none-any.whl", hash = "sha256:80a8cd930ff21fbf03545b9863e5799d0c3e7e0e3b2546bdaf2efccd7b3708cc"},
    {file = "boltons-23.1.1.tar.gz", hash = "sha256:d2cb2fa83cf2ebe791be1e284183e8a43a1031355156a968f8e0a333ad2448fc"},
]

[[package]]
name = "click"
version = "8.1.7"
requires_python = ">=3.7"
summary = "Composable command line interface toolkit"
dependencies = [
    "colorama; platform_system == \"Windows\"",
]
files = [
    {file = "click-8.1.7-py3-none-any.whl", hash = "sha256:ae74fb96c20a0277a1d615f1e4d73c8414f5a98db8b799a7931d1582f3390c28"},
    {file = "click-8.1.7.tar.gz", hash = "sha256:ca9853ad459e787e2192211578cc907e7594e294c7ccc834310722b41b9ca6de"},
]

[[package]]
name = "colorama"
version = "0.4.6"
requires_python = "!=3.0.*,!=3.1.*,!=3.2.*,!=3.3.*,!=3.4.*,!=3.5.*,!=3.6.*,>=2.7"
summary = "Cross-platform colored terminal text."
files = [
    {file = "colorama-0.4.6-py2.py3-none-any.whl", hash = "sha256:4f1d9991f5acc0ca119f9d443620b77f9d6b33703e51011c16baf57afb285fc6"},
    {file = "colorama-0.4.6.tar.gz", hash = "sha256:08695f5cb7ed6e0531a20572697297273c47b8cae5a63ffc6d6ed5c201be6e44"},
]

[[package]]
name = "colorlog"
version = "6.8.0"
requires_python = ">=3.6"
summary = "Add colours to the output of Python's logging module."
dependencies = [
    "colorama; sys_platform == \"win32\"",
]
files = [
    {file = "colorlog-6.8.0-py3-none-any.whl", hash = "sha256:4ed23b05a1154294ac99f511fabe8c1d6d4364ec1f7fc989c7fb515ccc29d375"},
    {file = "colorlog-6.8.0.tar.gz", hash = "sha256:fbb6fdf9d5685f2517f388fb29bb27d54e8654dd31f58bc2a3b217e967a95ca6"},
]

[[package]]
name = "distlib"
version = "0.3.8"
summary = "Distribution utilities"
files = [
    {file = "distlib-0.3.8-py2.py3-none-any.whl", hash = "sha256:034db59a0b96f8ca18035f36290806a9a6e6bd9d1ff91e45a7f172eb17e51784"},
    {file = "distlib-0.3.8.tar.gz", hash = "sha256:1530ea13e350031b6312d8580ddb6b27a104275a31106523b8f123787f494f64"},
]

[[package]]
name = "dnspython"
version = "2.4.2"
requires_python = ">=3.8,<4.0"
summary = "DNS toolkit"
files = [
    {file = "dnspython-2.4.2-py3-none-any.whl", hash = "sha256:57c6fbaaeaaf39c891292012060beb141791735dbb4004798328fc2c467402d8"},
    {file = "dnspython-2.4.2.tar.gz", hash = "sha256:8dcfae8c7460a2f84b4072e26f1c9f4101ca20c071649cb7c34e8b6a93d58984"},
]

[[package]]
name = "filelock"
version = "3.13.1"
requires_python = ">=3.8"
summary = "A platform independent file lock."
files = [
    {file = "filelock-3.13.1-py3-none-any.whl", hash = "sha256:57dbda9b35157b05fb3e58ee91448612eb674172fab98ee235ccb0b5bee19a1c"},
    {file = "filelock-3.13.1.tar.gz", hash = "sha256:521f5f56c50f8426f5e03ad3b281b490a87ef15bc6c526f168290f0c7148d44e"},
]

[[package]]
name = "frozenlist"
version = "1.4.0"
requires_python = ">=3.8"
summary = "A list-like structure which implements collections.abc.MutableSequence"
files = [
    {file = "frozenlist-1.4.0-cp311-cp311-macosx_10_9_universal2.whl", hash = "sha256:de343e75f40e972bae1ef6090267f8260c1446a1695e77096db6cfa25e759a95"},
    {file = "frozenlist-1.4.0-cp311-cp311-macosx_10_9_x86_64.whl", hash = "sha256:ad2a9eb6d9839ae241701d0918f54c51365a51407fd80f6b8289e2dfca977cc3"},
    {file = "frozenlist-1.4.0-cp311-cp311-macosx_11_0_arm64.whl", hash = "sha256:bd7bd3b3830247580de99c99ea2a01416dfc3c34471ca1298bccabf86d0ff4dc"},
    {file = "frozenlist-1.4.0-cp311-cp311-manylinux_2_17_aarch64.manylinux2014_aarch64.whl", hash = "sha256:bdf1847068c362f16b353163391210269e4f0569a3c166bc6a9f74ccbfc7e839"},
    {file = "frozenlist-1.4.0-cp311-cp311-manylinux_2_17_ppc64le.manylinux2014_ppc64le.whl", hash = "sha256:38461d02d66de17455072c9ba981d35f1d2a73024bee7790ac2f9e361ef1cd0c"},
    {file = "frozenlist-1.4.0-cp311-cp311-manylinux_2_17_s390x.manylinux2014_s390x.whl", hash = "sha256:d5a32087d720c608f42caed0ef36d2b3ea61a9d09ee59a5142d6070da9041b8f"},
    {file = "frozenlist-1.4.0-cp311-cp311-manylinux_2_5_i686.manylinux1_i686.manylinux_2_17_i686.manylinux2014_i686.whl", hash = "sha256:dd65632acaf0d47608190a71bfe46b209719bf2beb59507db08ccdbe712f969b"},
    {file = "frozenlist-1.4.0-cp311-cp311-manylinux_2_5_x86_64.manylinux1_x86_64.manylinux_2_17_x86_64.manylinux2014_x86_64.whl", hash = "sha256:261b9f5d17cac914531331ff1b1d452125bf5daa05faf73b71d935485b0c510b"},
    {file = "frozenlist-1.4.0-cp311-cp311-musllinux_1_1_aarch64.whl", hash = "sha256:b89ac9768b82205936771f8d2eb3ce88503b1556324c9f903e7156669f521472"},
    {file = "frozenlist-1.4.0-cp311-cp311-musllinux_1_1_i686.whl", hash = "sha256:008eb8b31b3ea6896da16c38c1b136cb9fec9e249e77f6211d479db79a4eaf01"},
    {file = "frozenlist-1.4.0-cp311-cp311-musllinux_1_1_ppc64le.whl", hash = "sha256:e74b0506fa5aa5598ac6a975a12aa8928cbb58e1f5ac8360792ef15de1aa848f"},
    {file = "frozenlist-1.4.0-cp311-cp311-musllinux_1_1_s390x.whl", hash = "sha256:490132667476f6781b4c9458298b0c1cddf237488abd228b0b3650e5ecba7467"},
    {file = "frozenlist-1.4.0-cp311-cp311-musllinux_1_1_x86_64.whl", hash = "sha256:76d4711f6f6d08551a7e9ef28c722f4a50dd0fc204c56b4bcd95c6cc05ce6fbb"},
    {file = "frozenlist-1.4.0-cp311-cp311-win32.whl", hash = "sha256:a02eb8ab2b8f200179b5f62b59757685ae9987996ae549ccf30f983f40602431"},
    {file = "frozenlist-1.4.0-cp311-cp311-win_amd64.whl", hash = "sha256:515e1abc578dd3b275d6a5114030b1330ba044ffba03f94091842852f806f1c1"},
    {file = "frozenlist-1.4.0.tar.gz", hash = "sha256:09163bdf0b2907454042edb19f887c6d33806adc71fbd54afc14908bfdc22251"},
]

[[package]]
name = "glob2"
version = "0.7"
summary = "Version of the glob module that can capture patterns and supports recursive wildcards"
files = [
    {file = "glob2-0.7.tar.gz", hash = "sha256:85c3dbd07c8aa26d63d7aacee34fa86e9a91a3873bc30bf62ec46e531f92ab8c"},
]

[[package]]
name = "idna"
version = "3.6"
requires_python = ">=3.5"
summary = "Internationalized Domain Names in Applications (IDNA)"
files = [
    {file = "idna-3.6-py3-none-any.whl", hash = "sha256:c05567e9c24a6b9faaa835c4821bad0590fbb9d5779e7caa6e1cc4978e7eb24f"},
    {file = "idna-3.6.tar.gz", hash = "sha256:9ecdbbd083b06798ae1e86adcbfe8ab1479cf864e4ee30fe4e46a003d12491ca"},
]

[[package]]
name = "iniconfig"
version = "2.0.0"
requires_python = ">=3.7"
summary = "brain-dead simple config-ini parsing"
files = [
    {file = "iniconfig-2.0.0-py3-none-any.whl", hash = "sha256:b6a85871a79d2e3b22d2d1b94ac2824226a63c6b741c88f7ae975f18b6778374"},
    {file = "iniconfig-2.0.0.tar.gz", hash = "sha256:2d91e135bf72d31a410b17c16da610a82cb55f6b0477d1a902134b24a455b8b3"},
]

[[package]]
name = "junit-xml"
version = "1.9"
summary = "Creates JUnit XML test result documents that can be read by tools such as Jenkins"
dependencies = [
    "six",
]
files = [
    {file = "junit-xml-1.9.tar.gz", hash = "sha256:de16a051990d4e25a3982b2dd9e89d671067548718866416faec14d9de56db9f"},
    {file = "junit_xml-1.9-py2.py3-none-any.whl", hash = "sha256:ec5ca1a55aefdd76d28fcc0b135251d156c7106fa979686a4b48d62b761b4732"},
]

[[package]]
name = "kafka-python"
version = "2.0.2"
summary = "Pure Python client for Apache Kafka"
files = [
    {file = "kafka-python-2.0.2.tar.gz", hash = "sha256:04dfe7fea2b63726cd6f3e79a2d86e709d608d74406638c5da33a01d45a9d7e3"},
    {file = "kafka_python-2.0.2-py2.py3-none-any.whl", hash = "sha256:2d92418c7cb1c298fa6c7f0fb3519b520d0d7526ac6cb7ae2a4fc65a51a94b6e"},
]

[[package]]
name = "libcst"
version = "1.1.0"
requires_python = ">=3.8"
summary = "A concrete syntax tree with AST-like properties for Python 3.5, 3.6, 3.7, 3.8, 3.9, and 3.10 programs."
dependencies = [
    "pyyaml>=5.2",
    "typing-extensions>=3.7.4.2",
    "typing-inspect>=0.4.0",
]
files = [
    {file = "libcst-1.1.0-cp311-cp311-macosx_10_9_x86_64.whl", hash = "sha256:d68c34e3038d3d1d6324eb47744cbf13f2c65e1214cf49db6ff2a6603c1cd838"},
    {file = "libcst-1.1.0-cp311-cp311-macosx_11_0_arm64.whl", hash = "sha256:9dffa1795c2804d183efb01c0f1efd20a7831db6a21a0311edf90b4100d67436"},
    {file = "libcst-1.1.0-cp311-cp311-manylinux_2_17_aarch64.manylinux2014_aarch64.whl", hash = "sha256:cc9b6ac36d7ec9db2f053014ea488086ca2ed9c322be104fbe2c71ca759da4bb"},
    {file = "libcst-1.1.0-cp311-cp311-manylinux_2_17_x86_64.manylinux2014_x86_64.whl", hash = "sha256:78b7a38ec4c1c009ac39027d51558b52851fb9234669ba5ba62283185963a31c"},
    {file = "libcst-1.1.0-cp311-cp311-manylinux_2_5_i686.manylinux1_i686.manylinux_2_17_i686.manylinux2014_i686.whl", hash = "sha256:5297a16e575be8173185e936b7765c89a3ca69d4ae217a4af161814a0f9745a7"},
    {file = "libcst-1.1.0-cp311-cp311-win_amd64.whl", hash = "sha256:7ccaf53925f81118aeaadb068a911fac8abaff608817d7343da280616a5ca9c1"},
    {file = "libcst-1.1.0-cp312-cp312-macosx_10_9_x86_64.whl", hash = "sha256:75816647736f7e09c6120bdbf408456f99b248d6272277eed9a58cf50fb8bc7d"},
    {file = "libcst-1.1.0-cp312-cp312-macosx_11_0_arm64.whl", hash = "sha256:c8f26250f87ca849a7303ed7a4fd6b2c7ac4dec16b7d7e68ca6a476d7c9bfcdb"},
    {file = "libcst-1.1.0-cp312-cp312-manylinux_2_17_aarch64.manylinux2014_aarch64.whl", hash = "sha256:2d37326bd6f379c64190a28947a586b949de3a76be00176b0732c8ee87d67ebe"},
    {file = "libcst-1.1.0-cp312-cp312-manylinux_2_17_x86_64.manylinux2014_x86_64.whl", hash = "sha256:e3d8cf974cfa2487b28f23f56c4bff90d550ef16505e58b0dca0493d5293784b"},
    {file = "libcst-1.1.0-cp312-cp312-manylinux_2_5_i686.manylinux1_i686.manylinux_2_17_i686.manylinux2014_i686.whl", hash = "sha256:82d1271403509b0a4ee6ff7917c2d33b5a015f44d1e208abb1da06ba93b2a378"},
    {file = "libcst-1.1.0-cp312-cp312-win_amd64.whl", hash = "sha256:bca1841693941fdd18371824bb19a9702d5784cd347cb8231317dbdc7062c5bc"},
    {file = "libcst-1.1.0.tar.gz", hash = "sha256:0acbacb9a170455701845b7e940e2d7b9519db35a86768d86330a0b0deae1086"},
]

[[package]]
name = "makefun"
version = "1.15.2"
summary = "Small library to dynamically create python functions."
files = [
    {file = "makefun-1.15.2-py2.py3-none-any.whl", hash = "sha256:1c83abfaefb6c3c7c83ed4a993b4a310af80adf6db15625b184b1f0f7545a041"},
    {file = "makefun-1.15.2.tar.gz", hash = "sha256:16f2a2b34d9ee0c2b578c960a1808c974e2822cf79f6e9b9c455aace10882d45"},
]

[[package]]
name = "markdown-it-py"
version = "3.0.0"
requires_python = ">=3.8"
summary = "Python port of markdown-it. Markdown parsing, done right!"
dependencies = [
    "mdurl~=0.1",
]
files = [
    {file = "markdown-it-py-3.0.0.tar.gz", hash = "sha256:e3f60a94fa066dc52ec76661e37c851cb232d92f9886b15cb560aaada2df8feb"},
    {file = "markdown_it_py-3.0.0-py3-none-any.whl", hash = "sha256:355216845c60bd96232cd8d8c40e8f9765cc86f46880e43a8fd22dc1a1a8cab1"},
]

[[package]]
name = "mdurl"
version = "0.1.2"
requires_python = ">=3.7"
summary = "Markdown URL utilities"
files = [
    {file = "mdurl-0.1.2-py3-none-any.whl", hash = "sha256:84008a41e51615a49fc9966191ff91509e3c40b939176e643fd50a5c2196b8f8"},
    {file = "mdurl-0.1.2.tar.gz", hash = "sha256:bb413d29f5eea38f31dd4754dd7377d4465116fb207585f97bf925588687c1ba"},
]

[[package]]
name = "mongomock"
version = "4.1.2"
summary = "Fake pymongo stub for testing simple MongoDB-dependent code"
dependencies = [
    "packaging",
    "sentinels",
]
files = [
    {file = "mongomock-4.1.2-py2.py3-none-any.whl", hash = "sha256:08a24938a05c80c69b6b8b19a09888d38d8c6e7328547f94d46cadb7f47209f2"},
    {file = "mongomock-4.1.2.tar.gz", hash = "sha256:f06cd62afb8ae3ef63ba31349abd220a657ef0dd4f0243a29587c5213f931b7d"},
]

[[package]]
name = "moreorless"
version = "0.4.0"
requires_python = ">=3.6"
summary = "Python diff wrapper"
dependencies = [
    "click",
]
files = [
    {file = "moreorless-0.4.0-py2.py3-none-any.whl", hash = "sha256:17f1fbef60fd21c84ee085a929fe3acefcaddca30df5dd09c024e9939a9e6a00"},
    {file = "moreorless-0.4.0.tar.gz", hash = "sha256:85e19972c1a0b3a49f8543914f57bd83f6e1b10df144d5b97b8c5e9744d9c08c"},
]

[[package]]
name = "multidict"
version = "6.0.4"
requires_python = ">=3.7"
summary = "multidict implementation"
files = [
    {file = "multidict-6.0.4-cp311-cp311-macosx_10_9_universal2.whl", hash = "sha256:0dfad7a5a1e39c53ed00d2dd0c2e36aed4650936dc18fd9a1826a5ae1cad6f03"},
    {file = "multidict-6.0.4-cp311-cp311-macosx_10_9_x86_64.whl", hash = "sha256:64da238a09d6039e3bd39bb3aee9c21a5e34f28bfa5aa22518581f910ff94af3"},
    {file = "multidict-6.0.4-cp311-cp311-macosx_11_0_arm64.whl", hash = "sha256:ff959bee35038c4624250473988b24f846cbeb2c6639de3602c073f10410ceba"},
    {file = "multidict-6.0.4-cp311-cp311-manylinux_2_17_aarch64.manylinux2014_aarch64.whl", hash = "sha256:01a3a55bd90018c9c080fbb0b9f4891db37d148a0a18722b42f94694f8b6d4c9"},
    {file = "multidict-6.0.4-cp311-cp311-manylinux_2_17_ppc64le.manylinux2014_ppc64le.whl", hash = "sha256:c5cb09abb18c1ea940fb99360ea0396f34d46566f157122c92dfa069d3e0e982"},
    {file = "multidict-6.0.4-cp311-cp311-manylinux_2_17_s390x.manylinux2014_s390x.whl", hash = "sha256:666daae833559deb2d609afa4490b85830ab0dfca811a98b70a205621a6109fe"},
    {file = "multidict-6.0.4-cp311-cp311-manylinux_2_17_x86_64.manylinux2014_x86_64.whl", hash = "sha256:11bdf3f5e1518b24530b8241529d2050014c884cf18b6fc69c0c2b30ca248710"},
    {file = "multidict-6.0.4-cp311-cp311-manylinux_2_5_i686.manylinux1_i686.manylinux_2_17_i686.manylinux2014_i686.whl", hash = "sha256:7d18748f2d30f94f498e852c67d61261c643b349b9d2a581131725595c45ec6c"},
    {file = "multidict-6.0.4-cp311-cp311-musllinux_1_1_aarch64.whl", hash = "sha256:458f37be2d9e4c95e2d8866a851663cbc76e865b78395090786f6cd9b3bbf4f4"},
    {file = "multidict-6.0.4-cp311-cp311-musllinux_1_1_i686.whl", hash = "sha256:b1a2eeedcead3a41694130495593a559a668f382eee0727352b9a41e1c45759a"},
    {file = "multidict-6.0.4-cp311-cp311-musllinux_1_1_ppc64le.whl", hash = "sha256:7d6ae9d593ef8641544d6263c7fa6408cc90370c8cb2bbb65f8d43e5b0351d9c"},
    {file = "multidict-6.0.4-cp311-cp311-musllinux_1_1_s390x.whl", hash = "sha256:5979b5632c3e3534e42ca6ff856bb24b2e3071b37861c2c727ce220d80eee9ed"},
    {file = "multidict-6.0.4-cp311-cp311-musllinux_1_1_x86_64.whl", hash = "sha256:dcfe792765fab89c365123c81046ad4103fcabbc4f56d1c1997e6715e8015461"},
    {file = "multidict-6.0.4-cp311-cp311-win32.whl", hash = "sha256:3601a3cece3819534b11d4efc1eb76047488fddd0c85a3948099d5da4d504636"},
    {file = "multidict-6.0.4-cp311-cp311-win_amd64.whl", hash = "sha256:81a4f0b34bd92df3da93315c6a59034df95866014ac08535fc819f043bfd51f0"},
    {file = "multidict-6.0.4.tar.gz", hash = "sha256:3666906492efb76453c0e7b97f2cf459b0682e7402c0489a95484965dbc1da49"},
]

[[package]]
name = "mutmut"
version = "2.4.4"
requires_python = ">=3.7"
summary = "mutation testing for Python 3"
dependencies = [
    "click",
    "glob2",
    "junit-xml<2,>=1.8",
    "parso",
    "pony",
    "toml",
]
files = [
    {file = "mutmut-2.4.4.tar.gz", hash = "sha256:babd1ac579a817f94d5b944af70f1c5fee5ed117775be0a13c99b96b96841b23"},
]

[[package]]
name = "mypy-extensions"
version = "1.0.0"
requires_python = ">=3.5"
summary = "Type system extensions for programs checked with the mypy type checker."
files = [
    {file = "mypy_extensions-1.0.0-py3-none-any.whl", hash = "sha256:4392f6c0eb8a5668a69e23d168ffa70f0be9ccfd32b5cc2d26a34ae5b844552d"},
    {file = "mypy_extensions-1.0.0.tar.gz", hash = "sha256:75dbf8955dc00442a438fc4d0666508a9a97b6bd41aa2f0ffe9d2f2725af0782"},
]

[[package]]
name = "nox"
version = "2023.4.22"
requires_python = ">=3.7"
summary = "Flexible test automation."
dependencies = [
    "argcomplete<4.0,>=1.9.4",
    "colorlog<7.0.0,>=2.6.1",
    "packaging>=20.9",
    "virtualenv>=14",
]
files = [
    {file = "nox-2023.4.22-py3-none-any.whl", hash = "sha256:0b1adc619c58ab4fa57d6ab2e7823fe47a32e70202f287d78474adcc7bda1891"},
    {file = "nox-2023.4.22.tar.gz", hash = "sha256:46c0560b0dc609d7d967dc99e22cb463d3c4caf54a5fda735d6c11b5177e3a9f"},
]

[[package]]
name = "packaging"
version = "23.2"
requires_python = ">=3.7"
summary = "Core utilities for Python packages"
files = [
    {file = "packaging-23.2-py3-none-any.whl", hash = "sha256:8c491190033a9af7e1d931d0b5dacc2ef47509b34dd0de67ed209b5203fc88c7"},
    {file = "packaging-23.2.tar.gz", hash = "sha256:048fb0e9405036518eaaf48a55953c750c11e1a1b68e0dd1a9d62ed0c092cfc5"},
]

[[package]]
name = "parso"
version = "0.8.3"
requires_python = ">=3.6"
summary = "A Python Parser"
files = [
    {file = "parso-0.8.3-py2.py3-none-any.whl", hash = "sha256:c001d4636cd3aecdaf33cbb40aebb59b094be2a74c556778ef5576c175e19e75"},
    {file = "parso-0.8.3.tar.gz", hash = "sha256:8c07be290bb59f03588915921e29e8a50002acaf2cdc5fa0e0114f91709fafa0"},
]

[[package]]
name = "pathspec"
version = "0.12.1"
requires_python = ">=3.8"
summary = "Utility library for gitignore style pattern matching of file paths."
files = [
    {file = "pathspec-0.12.1-py3-none-any.whl", hash = "sha256:a0d503e138a4c123b27490a4f7beda6a01c6f288df0e4a8b79c7eb0dc7b4cc08"},
    {file = "pathspec-0.12.1.tar.gz", hash = "sha256:a482d51503a1ab33b1c67a6c3813a26953dbdc71c31dacaef9a838c4e29f5712"},
]

[[package]]
name = "platformdirs"
version = "4.1.0"
requires_python = ">=3.8"
summary = "A small Python package for determining appropriate platform-specific dirs, e.g. a \"user data dir\"."
files = [
    {file = "platformdirs-4.1.0-py3-none-any.whl", hash = "sha256:11c8f37bcca40db96d8144522d925583bdb7a31f7b0e37e3ed4318400a8e2380"},
    {file = "platformdirs-4.1.0.tar.gz", hash = "sha256:906d548203468492d432bcb294d4bc2fff751bf84971fbb2c10918cc206ee420"},
]

[[package]]
name = "pluggy"
version = "1.3.0"
requires_python = ">=3.8"
summary = "plugin and hook calling mechanisms for python"
files = [
    {file = "pluggy-1.3.0-py3-none-any.whl", hash = "sha256:d89c696a773f8bd377d18e5ecda92b7a3793cbe66c87060a6fb58c7b6e1061f7"},
    {file = "pluggy-1.3.0.tar.gz", hash = "sha256:cf61ae8f126ac6f7c451172cf30e3e43d3ca77615509771b3a984a0730651e12"},
]

[[package]]
name = "pony"
version = "0.7.17"
summary = "Pony Object-Relational Mapper"
files = [
    {file = "pony-0.7.17-py3-none-any.whl", hash = "sha256:c37e9b44f975d147b79cf56925b16b0e40b2b47ba5958d0c01579f37a5a24f7c"},
    {file = "pony-0.7.17.tar.gz", hash = "sha256:b72172d57abd5e0846cd8d71231572da20f526327bf0d33348a9276f624d8aa7"},
]

[[package]]
name = "pygments"
version = "2.17.2"
requires_python = ">=3.7"
summary = "Pygments is a syntax highlighting package written in Python."
files = [
    {file = "pygments-2.17.2-py3-none-any.whl", hash = "sha256:b27c2826c47d0f3219f29554824c30c5e8945175d888647acd804ddd04af846c"},
    {file = "pygments-2.17.2.tar.gz", hash = "sha256:da46cec9fd2de5be3a8a784f434e4c4ab670b4ff54d605c4c2717e9d49c4c367"},
]

[[package]]
name = "pymongo"
version = "4.6.1"
requires_python = ">=3.7"
summary = "Python driver for MongoDB <http://www.mongodb.org>"
dependencies = [
    "dnspython<3.0.0,>=1.16.0",
]
files = [
    {file = "pymongo-4.6.1-cp311-cp311-macosx_10_9_universal2.whl", hash = "sha256:6a0ae7a48a6ef82ceb98a366948874834b86c84e288dbd55600c1abfc3ac1d88"},
    {file = "pymongo-4.6.1-cp311-cp311-manylinux_2_17_aarch64.manylinux2014_aarch64.whl", hash = "sha256:5bd94c503271e79917b27c6e77f7c5474da6930b3fb9e70a12e68c2dff386b9a"},
    {file = "pymongo-4.6.1-cp311-cp311-manylinux_2_17_ppc64le.manylinux2014_ppc64le.whl", hash = "sha256:2d4ccac3053b84a09251da8f5350bb684cbbf8c8c01eda6b5418417d0a8ab198"},
    {file = "pymongo-4.6.1-cp311-cp311-manylinux_2_17_s390x.manylinux2014_s390x.whl", hash = "sha256:349093675a2d3759e4fb42b596afffa2b2518c890492563d7905fac503b20daa"},
    {file = "pymongo-4.6.1-cp311-cp311-manylinux_2_17_x86_64.manylinux2014_x86_64.whl", hash = "sha256:88beb444fb438385e53dc9110852910ec2a22f0eab7dd489e827038fdc19ed8d"},
    {file = "pymongo-4.6.1-cp311-cp311-manylinux_2_5_i686.manylinux1_i686.manylinux_2_17_i686.manylinux2014_i686.whl", hash = "sha256:d8e62d06e90f60ea2a3d463ae51401475568b995bafaffd81767d208d84d7bb1"},
    {file = "pymongo-4.6.1-cp311-cp311-win32.whl", hash = "sha256:5556e306713e2522e460287615d26c0af0fe5ed9d4f431dad35c6624c5d277e9"},
    {file = "pymongo-4.6.1-cp311-cp311-win_amd64.whl", hash = "sha256:b10d8cda9fc2fcdcfa4a000aa10413a2bf8b575852cd07cb8a595ed09689ca98"},
    {file = "pymongo-4.6.1-cp312-cp312-macosx_10_9_universal2.whl", hash = "sha256:b435b13bb8e36be11b75f7384a34eefe487fe87a6267172964628e2b14ecf0a7"},
    {file = "pymongo-4.6.1-cp312-cp312-manylinux_2_17_aarch64.manylinux2014_aarch64.whl", hash = "sha256:e438417ce1dc5b758742e12661d800482200b042d03512a8f31f6aaa9137ad40"},
    {file = "pymongo-4.6.1-cp312-cp312-manylinux_2_17_ppc64le.manylinux2014_ppc64le.whl", hash = "sha256:8b47ebd89e69fbf33d1c2df79759d7162fc80c7652dacfec136dae1c9b3afac7"},
    {file = "pymongo-4.6.1-cp312-cp312-manylinux_2_17_s390x.manylinux2014_s390x.whl", hash = "sha256:bbed8cccebe1169d45cedf00461b2842652d476d2897fd1c42cf41b635d88746"},
    {file = "pymongo-4.6.1-cp312-cp312-manylinux_2_17_x86_64.manylinux2014_x86_64.whl", hash = "sha256:c30a9e06041fbd7a7590693ec5e407aa8737ad91912a1e70176aff92e5c99d20"},
    {file = "pymongo-4.6.1-cp312-cp312-manylinux_2_5_i686.manylinux1_i686.manylinux_2_17_i686.manylinux2014_i686.whl", hash = "sha256:b8729dbf25eb32ad0dc0b9bd5e6a0d0b7e5c2dc8ec06ad171088e1896b522a74"},
    {file = "pymongo-4.6.1-cp312-cp312-win32.whl", hash = "sha256:3177f783ae7e08aaf7b2802e0df4e4b13903520e8380915e6337cdc7a6ff01d8"},
    {file = "pymongo-4.6.1-cp312-cp312-win_amd64.whl", hash = "sha256:00c199e1c593e2c8b033136d7a08f0c376452bac8a896c923fcd6f419e07bdd2"},
    {file = "pymongo-4.6.1.tar.gz", hash = "sha256:31dab1f3e1d0cdd57e8df01b645f52d43cc1b653ed3afd535d2891f4fc4f9712"},
]

[[package]]
name = "pytest"
version = "7.4.3"
requires_python = ">=3.7"
summary = "pytest: simple powerful testing with Python"
dependencies = [
    "colorama; sys_platform == \"win32\"",
    "iniconfig",
    "packaging",
    "pluggy<2.0,>=0.12",
]
files = [
    {file = "pytest-7.4.3-py3-none-any.whl", hash = "sha256:0d009c083ea859a71b76adf7c1d502e4bc170b80a8ef002da5806527b9591fac"},
    {file = "pytest-7.4.3.tar.gz", hash = "sha256:d989d136982de4e3b29dabcc838ad581c64e8ed52c11fbe86ddebd9da0818cd5"},
]

[[package]]
name = "pyyaml"
version = "6.0.1"
requires_python = ">=3.6"
summary = "YAML parser and emitter for Python"
files = [
    {file = "PyYAML-6.0.1-cp311-cp311-macosx_10_9_x86_64.whl", hash = "sha256:6965a7bc3cf88e5a1c3bd2e0b5c22f8d677dc88a455344035f03399034eb3007"},
    {file = "PyYAML-6.0.1-cp311-cp311-macosx_11_0_arm64.whl", hash = "sha256:f003ed9ad21d6a4713f0a9b5a7a0a79e08dd0f221aff4525a2be4c346ee60aab"},
    {file = "PyYAML-6.0.1-cp311-cp311-manylinux_2_17_aarch64.manylinux2014_aarch64.whl", hash = "sha256:42f8152b8dbc4fe7d96729ec2b99c7097d656dc1213a3229ca5383f973a5ed6d"},
    {file = "PyYAML-6.0.1-cp311-cp311-manylinux_2_17_s390x.manylinux2014_s390x.whl", hash = "sha256:062582fca9fabdd2c8b54a3ef1c978d786e0f6b3a1510e0ac93ef59e0ddae2bc"},
    {file = "PyYAML-6.0.1-cp311-cp311-manylinux_2_17_x86_64.manylinux2014_x86_64.whl", hash = "sha256:d2b04aac4d386b172d5b9692e2d2da8de7bfb6c387fa4f801fbf6fb2e6ba4673"},
    {file = "PyYAML-6.0.1-cp311-cp311-musllinux_1_1_x86_64.whl", hash = "sha256:e7d73685e87afe9f3b36c799222440d6cf362062f78be1013661b00c5c6f678b"},
    {file = "PyYAML-6.0.1-cp311-cp311-win32.whl", hash = "sha256:1635fd110e8d85d55237ab316b5b011de701ea0f29d07611174a1b42f1444741"},
    {file = "PyYAML-6.0.1-cp311-cp311-win_amd64.whl", hash = "sha256:bf07ee2fef7014951eeb99f56f39c9bb4af143d8aa3c21b1677805985307da34"},
    {file = "PyYAML-6.0.1-cp312-cp312-macosx_10_9_x86_64.whl", hash = "sha256:855fb52b0dc35af121542a76b9a84f8d1cd886ea97c84703eaa6d88e37a2ad28"},
    {file = "PyYAML-6.0.1-cp312-cp312-macosx_11_0_arm64.whl", hash = "sha256:40df9b996c2b73138957fe23a16a4f0ba614f4c0efce1e9406a184b6d07fa3a9"},
    {file = "PyYAML-6.0.1-cp312-cp312-manylinux_2_17_x86_64.manylinux2014_x86_64.whl", hash = "sha256:6c22bec3fbe2524cde73d7ada88f6566758a8f7227bfbf93a408a9d86bcc12a0"},
    {file = "PyYAML-6.0.1-cp312-cp312-musllinux_1_1_x86_64.whl", hash = "sha256:8d4e9c88387b0f5c7d5f281e55304de64cf7f9c0021a3525bd3b1c542da3b0e4"},
    {file = "PyYAML-6.0.1-cp312-cp312-win32.whl", hash = "sha256:d483d2cdf104e7c9fa60c544d92981f12ad66a457afae824d146093b8c294c54"},
    {file = "PyYAML-6.0.1-cp312-cp312-win_amd64.whl", hash = "sha256:0d3304d8c0adc42be59c5f8a4d9e3d7379e6955ad754aa9d6ab7a398b59dd1df"},
    {file = "PyYAML-6.0.1.tar.gz", hash = "sha256:bfdf460b1736c775f2ba9f6a92bca30bc2095067b8a9d77876d1fad6cc3b4a43"},
]

[[package]]
name = "rich"
version = "13.7.0"
requires_python = ">=3.7.0"
summary = "Render rich text, tables, progress bars, syntax highlighting, markdown and more to the terminal"
dependencies = [
    "markdown-it-py>=2.2.0",
    "pygments<3.0.0,>=2.13.0",
]
files = [
    {file = "rich-13.7.0-py3-none-any.whl", hash = "sha256:6da14c108c4866ee9520bbffa71f6fe3962e193b7da68720583850cd4548e235"},
    {file = "rich-13.7.0.tar.gz", hash = "sha256:5cb5123b5cf9ee70584244246816e9114227e0b98ad9176eede6ad54bf5403fa"},
]

[[package]]
name = "sentinels"
version = "1.0.0"
summary = "Various objects to denote special meanings in python"
files = [
    {file = "sentinels-1.0.0.tar.gz", hash = "sha256:7be0704d7fe1925e397e92d18669ace2f619c92b5d4eb21a89f31e026f9ff4b1"},
]

[[package]]
name = "six"
version = "1.16.0"
requires_python = ">=2.7, !=3.0.*, !=3.1.*, !=3.2.*"
summary = "Python 2 and 3 compatibility utilities"
files = [
    {file = "six-1.16.0-py2.py3-none-any.whl", hash = "sha256:8abb2f1d86890a2dfb989f9a77cfcfd3e47c2a354b01111771326f8aa26e0254"},
    {file = "six-1.16.0.tar.gz", hash = "sha256:1e61c37477a1626458e36f7b1d82aa5c9b094fa4802892072e49de9c60c4c926"},
]

[[package]]
name = "stdlibs"
version = "2023.11.2"
requires_python = ">=3.8"
summary = "List of packages in the stdlib"
files = [
    {file = "stdlibs-2023.11.2-py3-none-any.whl", hash = "sha256:cb990260912fb4a001f2d58e28e969e9f28095a9e8cceefe1037d3253e4826de"},
    {file = "stdlibs-2023.11.2.tar.gz", hash = "sha256:7914be2571c99e1f7d25c82b95c65f26fcc78264509cad288c97d1c98b211310"},
]

[[package]]
name = "thx"
version = "0.5.1"
requires_python = ">=3.7"
summary = "Fast command runner for Python projects."
dependencies = [
    "aioitertools>=0.10.0b1",
    "click>=8.0",
    "packaging>=21.0",
    "rich>=11.0.0",
    "tomli>=1.0",
    "trailrunner>=1.1",
    "watchdog>=2.1",
]
files = [
    {file = "thx-0.5.1-py3-none-any.whl", hash = "sha256:46abe32d050726d064eab2abcf7b3569b894bb3df1613b42dd409addd3a5827d"},
    {file = "thx-0.5.1.tar.gz", hash = "sha256:d4116f99027af95266d16a61fb21b2430d37151cb63b564ed63358f6d2c8171f"},
]

[[package]]
name = "toml"
version = "0.10.2"
requires_python = ">=2.6, !=3.0.*, !=3.1.*, !=3.2.*"
summary = "Python Library for Tom's Obvious, Minimal Language"
files = [
    {file = "toml-0.10.2-py2.py3-none-any.whl", hash = "sha256:806143ae5bfb6a3c6e736a764057db0e6a0e05e338b5630894a5f779cabb4f9b"},
    {file = "toml-0.10.2.tar.gz", hash = "sha256:b3bda1d108d5dd99f4a20d24d9c348e91c4db7ab1b749200bded2f839ccbe68f"},
]

[[package]]
name = "tomli"
version = "2.0.1"
requires_python = ">=3.7"
summary = "A lil' TOML parser"
files = [
    {file = "tomli-2.0.1-py3-none-any.whl", hash = "sha256:939de3e7a6161af0c887ef91b7d41a53e7c5a1ca976325f429cb46ea9bc30ecc"},
    {file = "tomli-2.0.1.tar.gz", hash = "sha256:de526c12914f0c550d15924c62d72abc48d6fe7364aa87328337a31007fe8a4f"},
]

[[package]]
name = "tomlkit"
version = "0.12.3"
requires_python = ">=3.7"
summary = "Style preserving TOML library"
files = [
    {file = "tomlkit-0.12.3-py3-none-any.whl", hash = "sha256:b0a645a9156dc7cb5d3a1f0d4bab66db287fcb8e0430bdd4664a095ea16414ba"},
    {file = "tomlkit-0.12.3.tar.gz", hash = "sha256:75baf5012d06501f07bee5bf8e801b9f343e7aac5a92581f20f80ce632e6b5a4"},
]

[[package]]
name = "trailrunner"
version = "1.4.0"
requires_python = ">=3.7"
summary = "Run things on paths"
dependencies = [
    "pathspec>=0.8.1",
]
files = [
    {file = "trailrunner-1.4.0-py3-none-any.whl", hash = "sha256:a286d39f2723f28d167347f41cf8f232832648709366e722f55cf5545772a48e"},
    {file = "trailrunner-1.4.0.tar.gz", hash = "sha256:3fe61e259e6b2e5192f321c265985b7a0dc18497ced62b2da244f08104978398"},
]

[[package]]
name = "typing-extensions"
version = "4.9.0"
requires_python = ">=3.8"
summary = "Backported and Experimental Type Hints for Python 3.8+"
files = [
    {file = "typing_extensions-4.9.0-py3-none-any.whl", hash = "sha256:af72aea155e91adfc61c3ae9e0e342dbc0cba726d6cba4b6c72c1f34e47291cd"},
    {file = "typing_extensions-4.9.0.tar.gz", hash = "sha256:23478f88c37f27d76ac8aee6c905017a143b0b1b886c3c9f66bc2fd94f9f5783"},
]

[[package]]
name = "typing-inspect"
version = "0.9.0"
summary = "Runtime inspection utilities for typing module."
dependencies = [
    "mypy-extensions>=0.3.0",
    "typing-extensions>=3.7.4",
]
files = [
    {file = "typing_inspect-0.9.0-py3-none-any.whl", hash = "sha256:9ee6fc59062311ef8547596ab6b955e1b8aa46242d854bfc78f4f6b0eff35f9f"},
    {file = "typing_inspect-0.9.0.tar.gz", hash = "sha256:b23fc42ff6f6ef6954e4852c1fb512cdd18dbea03134f91f856a95ccc9461f78"},
]

[[package]]
name = "ufmt"
version = "2.3.0"
requires_python = ">= 3.8"
summary = "Safe, atomic formatting with black and µsort"
dependencies = [
    "black>=20.8b0",
    "click>=8.0",
    "libcst>=0.4.0",
    "moreorless>=0.4.0",
    "tomlkit>=0.7.2",
    "trailrunner>=1.2.1",
    "typing-extensions>=4.0",
    "usort>=1.0",
]
files = [
    {file = "ufmt-2.3.0-py3-none-any.whl", hash = "sha256:8aa76874b6d72282e26b3582fb6cbbc22208c51060526f73202b0251bff91740"},
    {file = "ufmt-2.3.0.tar.gz", hash = "sha256:ced3e572263d1fb5d6c3655d46b78194a11e8cf1294af9a814128a498b4506bb"},
]

[[package]]
name = "usort"
version = "1.0.7"
requires_python = ">=3.6"
summary = "A small, safe import sorter"
dependencies = [
    "LibCST>=0.3.7",
    "attrs>=21.2.0",
    "click>=7.0.0",
    "moreorless>=0.3.0",
    "stdlibs>=2021.4.1",
    "toml>=0.10.0",
    "trailrunner>=1.0",
]
files = [
    {file = "usort-1.0.7-py3-none-any.whl", hash = "sha256:0c21ae061ef7ad9c8b50b41ff58c6ded31e24e4e5059f39490b8a0feb36045ff"},
    {file = "usort-1.0.7.tar.gz", hash = "sha256:5724c2c7e6070d170961222d15a35e01e44b81164c6a6dc5e2aed6bcfdff9e8f"},
]

[[package]]
name = "virtualenv"
version = "20.25.0"
requires_python = ">=3.7"
summary = "Virtual Python Environment builder"
dependencies = [
    "distlib<1,>=0.3.7",
    "filelock<4,>=3.12.2",
    "platformdirs<5,>=3.9.1",
]
files = [
    {file = "virtualenv-20.25.0-py3-none-any.whl", hash = "sha256:4238949c5ffe6876362d9c0180fc6c3a824a7b12b80604eeb8085f2ed7460de3"},
    {file = "virtualenv-20.25.0.tar.gz", hash = "sha256:bf51c0d9c7dd63ea8e44086fa1e4fb1093a31e963b86959257378aef020e1f1b"},
]

[[package]]
name = "watchdog"
version = "3.0.0"
requires_python = ">=3.7"
summary = "Filesystem events monitoring"
files = [
    {file = "watchdog-3.0.0-cp311-cp311-macosx_10_9_universal2.whl", hash = "sha256:2b57a1e730af3156d13b7fdddfc23dea6487fceca29fc75c5a868beed29177ae"},
    {file = "watchdog-3.0.0-cp311-cp311-macosx_10_9_x86_64.whl", hash = "sha256:7ade88d0d778b1b222adebcc0927428f883db07017618a5e684fd03b83342bd9"},
    {file = "watchdog-3.0.0-cp311-cp311-macosx_11_0_arm64.whl", hash = "sha256:7e447d172af52ad204d19982739aa2346245cc5ba6f579d16dac4bfec226d2e7"},
    {file = "watchdog-3.0.0-pp37-pypy37_pp73-macosx_10_9_x86_64.whl", hash = "sha256:13bbbb462ee42ec3c5723e1205be8ced776f05b100e4737518c67c8325cf6100"},
    {file = "watchdog-3.0.0-pp38-pypy38_pp73-macosx_10_9_x86_64.whl", hash = "sha256:8f3ceecd20d71067c7fd4c9e832d4e22584318983cabc013dbf3f70ea95de346"},
    {file = "watchdog-3.0.0-pp39-pypy39_pp73-macosx_10_9_x86_64.whl", hash = "sha256:c9d8c8ec7efb887333cf71e328e39cffbf771d8f8f95d308ea4125bf5f90ba64"},
    {file = "watchdog-3.0.0-py3-none-manylinux2014_aarch64.whl", hash = "sha256:0e06ab8858a76e1219e68c7573dfeba9dd1c0219476c5a44d5333b01d7e1743a"},
    {file = "watchdog-3.0.0-py3-none-manylinux2014_armv7l.whl", hash = "sha256:d00e6be486affb5781468457b21a6cbe848c33ef43f9ea4a73b4882e5f188a44"},
    {file = "watchdog-3.0.0-py3-none-manylinux2014_i686.whl", hash = "sha256:c07253088265c363d1ddf4b3cdb808d59a0468ecd017770ed716991620b8f77a"},
    {file = "watchdog-3.0.0-py3-none-manylinux2014_ppc64.whl", hash = "sha256:5113334cf8cf0ac8cd45e1f8309a603291b614191c9add34d33075727a967709"},
    {file = "watchdog-3.0.0-py3-none-manylinux2014_ppc64le.whl", hash = "sha256:51f90f73b4697bac9c9a78394c3acbbd331ccd3655c11be1a15ae6fe289a8c83"},
    {file = "watchdog-3.0.0-py3-none-manylinux2014_s390x.whl", hash = "sha256:ba07e92756c97e3aca0912b5cbc4e5ad802f4557212788e72a72a47ff376950d"},
    {file = "watchdog-3.0.0-py3-none-manylinux2014_x86_64.whl", hash = "sha256:d429c2430c93b7903914e4db9a966c7f2b068dd2ebdd2fa9b9ce094c7d459f33"},
    {file = "watchdog-3.0.0-py3-none-win32.whl", hash = "sha256:3ed7c71a9dccfe838c2f0b6314ed0d9b22e77d268c67e015450a29036a81f60f"},
    {file = "watchdog-3.0.0-py3-none-win_amd64.whl", hash = "sha256:4c9956d27be0bb08fc5f30d9d0179a855436e655f046d288e2bcc11adfae893c"},
    {file = "watchdog-3.0.0-py3-none-win_ia64.whl", hash = "sha256:5d9f3a10e02d7371cd929b5d8f11e87d4bad890212ed3901f9b4d68767bee759"},
    {file = "watchdog-3.0.0.tar.gz", hash = "sha256:4d98a320595da7a7c5a18fc48cb633c2e73cda78f93cac2ef42d42bf609a33f9"},
]

[[package]]
name = "yarl"
version = "1.9.4"
requires_python = ">=3.7"
summary = "Yet another URL library"
dependencies = [
    "idna>=2.0",
    "multidict>=4.0",
]
files = [
    {file = "yarl-1.9.4-cp311-cp311-macosx_10_9_universal2.whl", hash = "sha256:35a2b9396879ce32754bd457d31a51ff0a9d426fd9e0e3c33394bf4b9036b099"},
    {file = "yarl-1.9.4-cp311-cp311-macosx_10_9_x86_64.whl", hash = "sha256:4c7d56b293cc071e82532f70adcbd8b61909eec973ae9d2d1f9b233f3d943f2c"},
    {file = "yarl-1.9.4-cp311-cp311-macosx_11_0_arm64.whl", hash = "sha256:d8a1c6c0be645c745a081c192e747c5de06e944a0d21245f4cf7c05e457c36e0"},
    {file = "yarl-1.9.4-cp311-cp311-manylinux_2_17_aarch64.manylinux2014_aarch64.whl", hash = "sha256:4b3c1ffe10069f655ea2d731808e76e0f452fc6c749bea04781daf18e6039525"},
    {file = "yarl-1.9.4-cp311-cp311-manylinux_2_17_ppc64le.manylinux2014_ppc64le.whl", hash = "sha256:549d19c84c55d11687ddbd47eeb348a89df9cb30e1993f1b128f4685cd0ebbf8"},
    {file = "yarl-1.9.4-cp311-cp311-manylinux_2_17_s390x.manylinux2014_s390x.whl", hash = "sha256:a7409f968456111140c1c95301cadf071bd30a81cbd7ab829169fb9e3d72eae9"},
    {file = "yarl-1.9.4-cp311-cp311-manylinux_2_17_x86_64.manylinux2014_x86_64.whl", hash = "sha256:e23a6d84d9d1738dbc6e38167776107e63307dfc8ad108e580548d1f2c587f42"},
    {file = "yarl-1.9.4-cp311-cp311-manylinux_2_5_i686.manylinux1_i686.manylinux_2_17_i686.manylinux2014_i686.whl", hash = "sha256:d8b889777de69897406c9fb0b76cdf2fd0f31267861ae7501d93003d55f54fbe"},
    {file = "yarl-1.9.4-cp311-cp311-musllinux_1_1_aarch64.whl", hash = "sha256:03caa9507d3d3c83bca08650678e25364e1843b484f19986a527630ca376ecce"},
    {file = "yarl-1.9.4-cp311-cp311-musllinux_1_1_i686.whl", hash = "sha256:4e9035df8d0880b2f1c7f5031f33f69e071dfe72ee9310cfc76f7b605958ceb9"},
    {file = "yarl-1.9.4-cp311-cp311-musllinux_1_1_ppc64le.whl", hash = "sha256:c0ec0ed476f77db9fb29bca17f0a8fcc7bc97ad4c6c1d8959c507decb22e8572"},
    {file = "yarl-1.9.4-cp311-cp311-musllinux_1_1_s390x.whl", hash = "sha256:ee04010f26d5102399bd17f8df8bc38dc7ccd7701dc77f4a68c5b8d733406958"},
    {file = "yarl-1.9.4-cp311-cp311-musllinux_1_1_x86_64.whl", hash = "sha256:49a180c2e0743d5d6e0b4d1a9e5f633c62eca3f8a86ba5dd3c471060e352ca98"},
    {file = "yarl-1.9.4-cp311-cp311-win32.whl", hash = "sha256:81eb57278deb6098a5b62e88ad8281b2ba09f2f1147c4767522353eaa6260b31"},
    {file = "yarl-1.9.4-cp311-cp311-win_amd64.whl", hash = "sha256:d1d2532b340b692880261c15aee4dc94dd22ca5d61b9db9a8a361953d36410b1"},
    {file = "yarl-1.9.4-cp312-cp312-macosx_10_9_universal2.whl", hash = "sha256:0d2454f0aef65ea81037759be5ca9947539667eecebca092733b2eb43c965a81"},
    {file = "yarl-1.9.4-cp312-cp312-macosx_10_9_x86_64.whl", hash = "sha256:44d8ffbb9c06e5a7f529f38f53eda23e50d1ed33c6c869e01481d3fafa6b8142"},
    {file = "yarl-1.9.4-cp312-cp312-macosx_11_0_arm64.whl", hash = "sha256:aaaea1e536f98754a6e5c56091baa1b6ce2f2700cc4a00b0d49eca8dea471074"},
    {file = "yarl-1.9.4-cp312-cp312-manylinux_2_17_aarch64.manylinux2014_aarch64.whl", hash = "sha256:3777ce5536d17989c91696db1d459574e9a9bd37660ea7ee4d3344579bb6f129"},
    {file = "yarl-1.9.4-cp312-cp312-manylinux_2_17_ppc64le.manylinux2014_ppc64le.whl", hash = "sha256:9fc5fc1eeb029757349ad26bbc5880557389a03fa6ada41703db5e068881e5f2"},
    {file = "yarl-1.9.4-cp312-cp312-manylinux_2_17_s390x.manylinux2014_s390x.whl", hash = "sha256:ea65804b5dc88dacd4a40279af0cdadcfe74b3e5b4c897aa0d81cf86927fee78"},
    {file = "yarl-1.9.4-cp312-cp312-manylinux_2_17_x86_64.manylinux2014_x86_64.whl", hash = "sha256:aa102d6d280a5455ad6a0f9e6d769989638718e938a6a0a2ff3f4a7ff8c62cc4"},
    {file = "yarl-1.9.4-cp312-cp312-manylinux_2_5_i686.manylinux1_i686.manylinux_2_17_i686.manylinux2014_i686.whl", hash = "sha256:09efe4615ada057ba2d30df871d2f668af661e971dfeedf0c159927d48bbeff0"},
    {file = "yarl-1.9.4-cp312-cp312-musllinux_1_1_aarch64.whl", hash = "sha256:008d3e808d03ef28542372d01057fd09168419cdc8f848efe2804f894ae03e51"},
    {file = "yarl-1.9.4-cp312-cp312-musllinux_1_1_i686.whl", hash = "sha256:6f5cb257bc2ec58f437da2b37a8cd48f666db96d47b8a3115c29f316313654ff"},
    {file = "yarl-1.9.4-cp312-cp312-musllinux_1_1_ppc64le.whl", hash = "sha256:992f18e0ea248ee03b5a6e8b3b4738850ae7dbb172cc41c966462801cbf62cf7"},
    {file = "yarl-1.9.4-cp312-cp312-musllinux_1_1_s390x.whl", hash = "sha256:0e9d124c191d5b881060a9e5060627694c3bdd1fe24c5eecc8d5d7d0eb6faabc"},
    {file = "yarl-1.9.4-cp312-cp312-musllinux_1_1_x86_64.whl", hash = "sha256:3986b6f41ad22988e53d5778f91855dc0399b043fc8946d4f2e68af22ee9ff10"},
    {file = "yarl-1.9.4-cp312-cp312-win32.whl", hash = "sha256:4b21516d181cd77ebd06ce160ef8cc2a5e9ad35fb1c5930882baff5ac865eee7"},
    {file = "yarl-1.9.4-cp312-cp312-win_amd64.whl", hash = "sha256:a9bd00dc3bc395a662900f33f74feb3e757429e545d831eef5bb280252631984"},
    {file = "yarl-1.9.4-py3-none-any.whl", hash = "sha256:928cecb0ef9d5a7946eb6ff58417ad2fe9375762382f1bf5c55e61645f2c43ad"},
    {file = "yarl-1.9.4.tar.gz", hash = "sha256:566db86717cf8080b99b58b083b773a908ae40f06681e87e589a976faf8246bf"},
]
